
Microsoft Visual Studio Solution File, Format Version 12.00
# Visual Studio Version 17
VisualStudioVersion = 17.4.33213.308
MinimumVisualStudioVersion = 10.0.40219.1
Project("{9A19103F-16F7-4668-BE54-9A1E7A4F7556}") = "PitchConverter", "src\PitchConverter.csproj", "{51DD5111-8B9F-436B-90D4-55C4D6691CAB}"
EndProject
Project("{9A19103F-16F7-4668-BE54-9A1E7A4F7556}") = "PitchConverterTest", "test\PitchConverterTest.csproj", "{D502603F-B563-4E23-9621-BEE3A5372444}"
EndProject
Global
	GlobalSection(SolutionConfigurationPlatforms) = preSolution
		Debug|x64 = Debug|x64
		Release|x64 = Release|x64
	EndGlobalSection
	GlobalSection(ProjectConfigurationPlatforms) = postSolution
		{51DD5111-8B9F-436B-90D4-55C4D6691CAB}.Debug|x64.ActiveCfg = Debug|x64
		{51DD5111-8B9F-436B-90D4-55C4D6691CAB}.Debug|x64.Build.0 = Debug|x64
		{51DD5111-8B9F-436B-90D4-55C4D6691CAB}.Release|x64.ActiveCfg = Release|x64
		{51DD5111-8B9F-436B-90D4-55C4D6691CAB}.Release|x64.Build.0 = Release|x64
		{D502603F-B563-4E23-9621-BEE3A5372444}.Debug|x64.ActiveCfg = Debug|x64
		{D502603F-B563-4E23-9621-BEE3A5372444}.Debug|x64.Build.0 = Debug|x64
		{D502603F-B563-4E23-9621-BEE3A5372444}.Release|x64.ActiveCfg = Release|x64
		{D502603F-B563-4E23-9621-BEE3A5372444}.Release|x64.Build.0 = Release|x64
	EndGlobalSection
	GlobalSection(SolutionProperties) = preSolution
		HideSolutionNode = FALSE
	EndGlobalSection
	GlobalSection(ExtensibilityGlobals) = postSolution
		SolutionGuid = {D79C5624-3B5A-44FA-8A2C-6C5A23B91BB5}
	EndGlobalSection
EndGlobal
